{
  "requires": true,
  "lockfileVersion": 1,
  "dependencies": {
    "ngx-print": {
      "version": "1.2.0-beta.3",
      "resolved": "https://registry.npmjs.org/ngx-print/-/ngx-print-1.2.0-beta.3.tgz",
      "integrity": "sha512-woox8eUCsPnIZgKm36J4dE1gbt5P35nkqmmUqYcWegsfsP/jotAoxDy8W8Tb/LC8KqBoyOxACllG/ndKBBsUvA==",
      "requires": {
        "tslib": "^1.9.3"
      }
    },
    "tslib": {
      "version": "1.10.0",
      "resolved": "https://registry.npmjs.org/tslib/-/tslib-1.10.0.tgz",
      "integrity": "sha512-qOebF53frne81cf0S9B41ByenJ3/IuH8yJKngAX35CmiZySA0khhkovshKK+jGCaMnVomla7gVlIcc3EvKPbTQ=="
    }
  }
}
