
Microsoft Visual Studio Solution File, Format Version 12.00
# Visual Studio Version 16
VisualStudioVersion = 16.0.29613.14
MinimumVisualStudioVersion = 10.0.40219.1
Project("{FAE04EC0-301F-11D3-BF4B-00C04F79EFBC}") = "stationaryr", "stationaryr\stationaryr.csproj", "{59FD65D5-5624-4AAE-A258-45E020858343}"
EndProject
Global
	GlobalSection(SolutionConfigurationPlatforms) = preSolution
		Debug|Any CPU = Debug|Any CPU
		Release|Any CPU = Release|Any CPU
	EndGlobalSection
	GlobalSection(ProjectConfigurationPlatforms) = postSolution
		{59FD65D5-5624-4AAE-A258-45E020858343}.Debug|Any CPU.ActiveCfg = Debug|Any CPU
		{59FD65D5-5624-4AAE-A258-45E020858343}.Debug|Any CPU.Build.0 = Debug|Any CPU
		{59FD65D5-5624-4AAE-A258-45E020858343}.Release|Any CPU.ActiveCfg = Release|Any CPU
		{59FD65D5-5624-4AAE-A258-45E020858343}.Release|Any CPU.Build.0 = Release|Any CPU
	EndGlobalSection
	GlobalSection(SolutionProperties) = preSolution
		HideSolutionNode = FALSE
	EndGlobalSection
	GlobalSection(ExtensibilityGlobals) = postSolution
		SolutionGuid = {170320D0-FEF6-46AF-A183-0A0D45EBD427}
	EndGlobalSection
EndGlobal
